
Microsoft Visual Studio Solution File, Format Version 12.00
# Visual Studio Version 16
VisualStudioVersion = 16.0.30503.244
MinimumVisualStudioVersion = 10.0.40219.1
Project("{FAE04EC0-301F-11D3-BF4B-00C04F79EFBC}") = "Ejercicio11dePOOPunto1.Business", "Ejercicio11dePOOPunto1.Business\Ejercicio11dePOOPunto1.Business.csproj", "{48460CC8-C8F6-45CF-9C54-277ADF2BF0C9}"
EndProject
Project("{FAE04EC0-301F-11D3-BF4B-00C04F79EFBC}") = "Ejercicio11dePOOPunto1.Model", "Ejercicio11dePOOPunto1.Modelo\Ejercicio11dePOOPunto1.Model.csproj", "{CDB8FDD5-8647-4AD5-BFEB-78F76E34263B}"
EndProject
Project("{FAE04EC0-301F-11D3-BF4B-00C04F79EFBC}") = "Ejercicio11dePOOPunto1.View", "Ejercicio11dePOOPunto1.View\Ejercicio11dePOOPunto1.View.csproj", "{8721FD49-659D-4938-A26F-8530EDFE03D2}"
EndProject
Global
	GlobalSection(SolutionConfigurationPlatforms) = preSolution
		Debug|Any CPU = Debug|Any CPU
		Release|Any CPU = Release|Any CPU
	EndGlobalSection
	GlobalSection(ProjectConfigurationPlatforms) = postSolution
		{48460CC8-C8F6-45CF-9C54-277ADF2BF0C9}.Debug|Any CPU.ActiveCfg = Debug|Any CPU
		{48460CC8-C8F6-45CF-9C54-277ADF2BF0C9}.Debug|Any CPU.Build.0 = Debug|Any CPU
		{48460CC8-C8F6-45CF-9C54-277ADF2BF0C9}.Release|Any CPU.ActiveCfg = Release|Any CPU
		{48460CC8-C8F6-45CF-9C54-277ADF2BF0C9}.Release|Any CPU.Build.0 = Release|Any CPU
		{CDB8FDD5-8647-4AD5-BFEB-78F76E34263B}.Debug|Any CPU.ActiveCfg = Debug|Any CPU
		{CDB8FDD5-8647-4AD5-BFEB-78F76E34263B}.Debug|Any CPU.Build.0 = Debug|Any CPU
		{CDB8FDD5-8647-4AD5-BFEB-78F76E34263B}.Release|Any CPU.ActiveCfg = Release|Any CPU
		{CDB8FDD5-8647-4AD5-BFEB-78F76E34263B}.Release|Any CPU.Build.0 = Release|Any CPU
		{8721FD49-659D-4938-A26F-8530EDFE03D2}.Debug|Any CPU.ActiveCfg = Debug|Any CPU
		{8721FD49-659D-4938-A26F-8530EDFE03D2}.Debug|Any CPU.Build.0 = Debug|Any CPU
		{8721FD49-659D-4938-A26F-8530EDFE03D2}.Release|Any CPU.ActiveCfg = Release|Any CPU
		{8721FD49-659D-4938-A26F-8530EDFE03D2}.Release|Any CPU.Build.0 = Release|Any CPU
	EndGlobalSection
	GlobalSection(SolutionProperties) = preSolution
		HideSolutionNode = FALSE
	EndGlobalSection
	GlobalSection(ExtensibilityGlobals) = postSolution
		SolutionGuid = {E93C7DFB-116F-4BD7-A257-244E833C3E15}
	EndGlobalSection
EndGlobal
